
Microsoft Visual Studio Solution File, Format Version 12.00
# Visual Studio Version 16
VisualStudioVersion = 16.0.31605.320
MinimumVisualStudioVersion = 10.0.40219.1
Project("{FAE04EC0-301F-11D3-BF4B-00C04F79EFBC}") = "SharpRepository", "SharpRepository.csproj", "{B6323122-2782-4CDD-8B42-464EED9A41ED}"
EndProject
Global
	GlobalSection(SolutionConfigurationPlatforms) = preSolution
		Debug|Any CPU = Debug|Any CPU
		Release|Any CPU = Release|Any CPU
	EndGlobalSection
	GlobalSection(ProjectConfigurationPlatforms) = postSolution
		{B6323122-2782-4CDD-8B42-464EED9A41ED}.Debug|Any CPU.ActiveCfg = Debug|Any CPU
		{B6323122-2782-4CDD-8B42-464EED9A41ED}.Debug|Any CPU.Build.0 = Debug|Any CPU
		{B6323122-2782-4CDD-8B42-464EED9A41ED}.Release|Any CPU.ActiveCfg = Release|Any CPU
		{B6323122-2782-4CDD-8B42-464EED9A41ED}.Release|Any CPU.Build.0 = Release|Any CPU
	EndGlobalSection
	GlobalSection(SolutionProperties) = preSolution
		HideSolutionNode = FALSE
	EndGlobalSection
	GlobalSection(ExtensibilityGlobals) = postSolution
		SolutionGuid = {3C0177D5-6F68-496B-8E04-F5308C8776A1}
	EndGlobalSection
EndGlobal
